
Microsoft Visual Studio Solution File, Format Version 12.00
# Visual Studio Version 17
VisualStudioVersion = 17.6.33829.357
MinimumVisualStudioVersion = 10.0.40219.1
Project("{FAE04EC0-301F-11D3-BF4B-00C04F79EFBC}") = "VehicleBookingAPI", "VehicleBookingAPI.csproj", "{A1DF08CD-929B-406C-803F-ADFBFC042E09}"
EndProject
Global
	GlobalSection(SolutionConfigurationPlatforms) = preSolution
		Debug|Any CPU = Debug|Any CPU
		Release|Any CPU = Release|Any CPU
	EndGlobalSection
	GlobalSection(ProjectConfigurationPlatforms) = postSolution
		{A1DF08CD-929B-406C-803F-ADFBFC042E09}.Debug|Any CPU.ActiveCfg = Debug|Any CPU
		{A1DF08CD-929B-406C-803F-ADFBFC042E09}.Debug|Any CPU.Build.0 = Debug|Any CPU
		{A1DF08CD-929B-406C-803F-ADFBFC042E09}.Release|Any CPU.ActiveCfg = Release|Any CPU
		{A1DF08CD-929B-406C-803F-ADFBFC042E09}.Release|Any CPU.Build.0 = Release|Any CPU
	EndGlobalSection
	GlobalSection(SolutionProperties) = preSolution
		HideSolutionNode = FALSE
	EndGlobalSection
	GlobalSection(ExtensibilityGlobals) = postSolution
		SolutionGuid = {EEFCC061-FC5B-4007-AE54-78712475E772}
	EndGlobalSection
EndGlobal
